# THIS IS AN AUTOGENERATED FILE. DO NOT EDIT THIS FILE DIRECTLY.
# yarn lockfile v1


"@types/node@18.x":
  version "18.16.14"
  resolved "https://registry.yarnpkg.com/@types/node/-/node-18.16.14.tgz#ab67bb907f1146afc6fedb9ce60ae8a99c989631"
  integrity sha512-+ImzUB3mw2c5ISJUq0punjDilUQ5GnUim0ZRvchHIWJmOC0G+p0kzhXBqj6cDjK0QdPFwzrHWgrJp3RPvCG5qg==

chie@../chie/types/:
  version "0.0.1-dev"
  dependencies:
    gui "0.13.13"
    typed-signals "2.5.0"

download-yue@2.1.x:
  version "2.1.0"
  resolved "https://registry.yarnpkg.com/download-yue/-/download-yue-2.1.0.tgz#ab7504160de6a6f0a6920bb5ca437248965327f2"
  integrity sha512-ECsv6WVYCBCFrCnBcpHTCgFsRM/h7C/AtrzXuTc8+xaW5lXj+Jw6c5S7Eq/ncix41h05JerSxan5p7p80H35qQ==

gui@0.13.13:
  version "0.13.13"
  resolved "https://registry.yarnpkg.com/gui/-/gui-0.13.13.tgz#af72fc4004f5022d27e5d2cc360038648fc80add"
  integrity sha512-dcPPtGlncMwwwU8t8EVfT+8EUer87OpnkUcCAOhk2SGXZcJ0AtpZ/i+p9H9Ni2yPeB6AVDS7+13ocQElse114w==
  dependencies:
    download-yue "2.1.x"

language-name-map@^0.3.0:
  version "0.3.0"
  resolved "https://registry.yarnpkg.com/language-name-map/-/language-name-map-0.3.0.tgz#a9cfc40180ba1c0e6876b4916cc9c0c04d0e711c"
  integrity sha512-uoBHtfY6h4S2RoIpyqvQGhynX2hshQu/9S4ySbppGxG5VwEsiWZJ83xSjzx25Mb+Bmc+WxpQC0H54eNZVMWLuA==

typed-signals@2.5.0:
  version "2.5.0"
  resolved "https://registry.yarnpkg.com/typed-signals/-/typed-signals-2.5.0.tgz#7be73505c2ee0dc4e43f1c4ee002c855796bd89a"
  integrity sha512-m9lHc3eBCJerXYdx+G0uWZihyUXdqTzzgOdqiDDsoUo75WjhFJH6vP5/6w/xhyu04zoxHUqgYhf9FEt85dk/Ng==

typescript@5.0.2:
  version "5.0.2"
  resolved "https://registry.yarnpkg.com/typescript/-/typescript-5.0.2.tgz#891e1a90c5189d8506af64b9ef929fca99ba1ee5"
  integrity sha512-wVORMBGO/FAs/++blGNeAVdbNKtIh1rbBL2EyQ1+J9lClJ93KiiKe8PmFIVdXhHcyv44SL9oglmfeSsndo0jRw==
